// !$*UTF8*$!
{
	archiveVersion = 1;
	classes = {
	};
	objectVersion = 50;
	objects = {

/* Begin PBXBuildFile section */
		A1194E922292BE3200175840 /* HighScoreViewController.swift in Sources */ = {isa = PBXBuildFile; fileRef = A1194E912292BE3200175840 /* HighScoreViewController.swift */; };
		A1631AF92270773900A4F0AF /* AppDelegate.swift in Sources */ = {isa = PBXBuildFile; fileRef = A1631AF82270773900A4F0AF /* AppDelegate.swift */; };
		A1631AFE2270773900A4F0AF /* Main.storyboard in Resources */ = {isa = PBXBuildFile; fileRef = A1631AFC2270773900A4F0AF /* Main.storyboard */; };
		A1631B032270773B00A4F0AF /* LaunchScreen.storyboard in Resources */ = {isa = PBXBuildFile; fileRef = A1631B012270773B00A4F0AF /* LaunchScreen.storyboard */; };
		A1631B0B2270775500A4F0AF /* Assets.xcassets in Resources */ = {isa = PBXBuildFile; fileRef = A1631B0A2270775500A4F0AF /* Assets.xcassets */; };
		A1631B0D2270776300A4F0AF /* Card.swift in Sources */ = {isa = PBXBuildFile; fileRef = A1631B0C2270776300A4F0AF /* Card.swift */; };
		A1631B0F2270776800A4F0AF /* CardCollectionViewCell.swift in Sources */ = {isa = PBXBuildFile; fileRef = A1631B0E2270776800A4F0AF /* CardCollectionViewCell.swift */; };
		A1631B112270777100A4F0AF /* CardModel.swift in Sources */ = {isa = PBXBuildFile; fileRef = A1631B102270777100A4F0AF /* CardModel.swift */; };
		A1631B132270777600A4F0AF /* EasyViewController.swift in Sources */ = {isa = PBXBuildFile; fileRef = A1631B122270777600A4F0AF /* EasyViewController.swift */; };
		A1631B152270777B00A4F0AF /* GradientColor.swift in Sources */ = {isa = PBXBuildFile; fileRef = A1631B142270777B00A4F0AF /* GradientColor.swift */; };
		A1631B172270779F00A4F0AF /* ViewController.swift in Sources */ = {isa = PBXBuildFile; fileRef = A1631B162270779F00A4F0AF /* ViewController.swift */; };
		A1631B1922707A2800A4F0AF /* EasyMediumHardViewController.swift in Sources */ = {isa = PBXBuildFile; fileRef = A1631B1822707A2800A4F0AF /* EasyMediumHardViewController.swift */; };
/* End PBXBuildFile section */

/* Begin PBXFileReference section */
		A1194E912292BE3200175840 /* HighScoreViewController.swift */ = {isa = PBXFileReference; lastKnownFileType = sourcecode.swift; path = HighScoreViewController.swift; sourceTree = "<group>"; };
		A1631AF52270773900A4F0AF /* NewMemoryGame.app */ = {isa = PBXFileReference; explicitFileType = wrapper.application; includeInIndex = 0; path = NewMemoryGame.app; sourceTree = BUILT_PRODUCTS_DIR; };
		A1631AF82270773900A4F0AF /* AppDelegate.swift */ = {isa = PBXFileReference; lastKnownFileType = sourcecode.swift; path = AppDelegate.swift; sourceTree = "<group>"; };
		A1631AFD2270773900A4F0AF /* Base */ = {isa = PBXFileReference; lastKnownFileType = file.storyboard; name = Base; path = Base.lproj/Main.storyboard; sourceTree = "<group>"; };
		A1631B022270773B00A4F0AF /* Base */ = {isa = PBXFileReference; lastKnownFileType = file.storyboard; name = Base; path = Base.lproj/LaunchScreen.storyboard; sourceTree = "<group>"; };
		A1631B042270773B00A4F0AF /* Info.plist */ = {isa = PBXFileReference; lastKnownFileType = text.plist.xml; path = Info.plist; sourceTree = "<group>"; };
		A1631B0A2270775500A4F0AF /* Assets.xcassets */ = {isa = PBXFileReference; lastKnownFileType = folder.assetcatalog; path = Assets.xcassets; sourceTree = "<group>"; };
		A1631B0C2270776300A4F0AF /* Card.swift */ = {isa = PBXFileReference; fileEncoding = 4; lastKnownFileType = sourcecode.swift; path = Card.swift; sourceTree = "<group>"; };
		A1631B0E2270776800A4F0AF /* CardCollectionViewCell.swift */ = {isa = PBXFileReference; fileEncoding = 4; lastKnownFileType = sourcecode.swift; path = CardCollectionViewCell.swift; sourceTree = "<group>"; };
		A1631B102270777100A4F0AF /* CardModel.swift */ = {isa = PBXFileReference; fileEncoding = 4; lastKnownFileType = sourcecode.swift; path = CardModel.swift; sourceTree = "<group>"; };
		A1631B122270777600A4F0AF /* EasyViewController.swift */ = {isa = PBXFileReference; fileEncoding = 4; lastKnownFileType = sourcecode.swift; path = EasyViewController.swift; sourceTree = "<group>"; };
		A1631B142270777B00A4F0AF /* GradientColor.swift */ = {isa = PBXFileReference; fileEncoding = 4; lastKnownFileType = sourcecode.swift; path = GradientColor.swift; sourceTree = "<group>"; };
		A1631B162270779F00A4F0AF /* ViewController.swift */ = {isa = PBXFileReference; fileEncoding = 4; lastKnownFileType = sourcecode.swift; path = ViewController.swift; sourceTree = "<group>"; };
		A1631B1822707A2800A4F0AF /* EasyMediumHardViewController.swift */ = {isa = PBXFileReference; lastKnownFileType = sourcecode.swift; path = EasyMediumHardViewController.swift; sourceTree = "<group>"; };
/* End PBXFileReference section */

/* Begin PBXFrameworksBuildPhase section */
		A1631AF22270773900A4F0AF /* Frameworks */ = {
			isa = PBXFrameworksBuildPhase;
			buildActionMask = 2147483647;
			files = (
			);
			runOnlyForDeploymentPostprocessing = 0;
		};
/* End PBXFrameworksBuildPhase section */

/* Begin PBXGroup section */
		A1631AEC2270773900A4F0AF = {
			isa = PBXGroup;
			children = (
				A1631AF72270773900A4F0AF /* NewMemoryGame */,
				A1631AF62270773900A4F0AF /* Products */,
			);
			sourceTree = "<group>";
		};
		A1631AF62270773900A4F0AF /* Products */ = {
			isa = PBXGroup;
			children = (
				A1631AF52270773900A4F0AF /* NewMemoryGame.app */,
			);
			name = Products;
			sourceTree = "<group>";
		};
		A1631AF72270773900A4F0AF /* NewMemoryGame */ = {
			isa = PBXGroup;
			children = (
				A1631B0A2270775500A4F0AF /* Assets.xcassets */,
				A1631B0E2270776800A4F0AF /* CardCollectionViewCell.swift */,
				A1631B122270777600A4F0AF /* EasyViewController.swift */,
				A1631B142270777B00A4F0AF /* GradientColor.swift */,
				A1631B0C2270776300A4F0AF /* Card.swift */,
				A1631B102270777100A4F0AF /* CardModel.swift */,
				A1631B162270779F00A4F0AF /* ViewController.swift */,
				A1631B1822707A2800A4F0AF /* EasyMediumHardViewController.swift */,
				A1194E912292BE3200175840 /* HighScoreViewController.swift */,
				A1631AF82270773900A4F0AF /* AppDelegate.swift */,
				A1631AFC2270773900A4F0AF /* Main.storyboard */,
				A1631B012270773B00A4F0AF /* LaunchScreen.storyboard */,
				A1631B042270773B00A4F0AF /* Info.plist */,
			);
			path = NewMemoryGame;
			sourceTree = "<group>";
		};
/* End PBXGroup section */

/* Begin PBXNativeTarget section */
		A1631AF42270773900A4F0AF /* NewMemoryGame */ = {
			isa = PBXNativeTarget;
			buildConfigurationList = A1631B072270773B00A4F0AF /* Build configuration list for PBXNativeTarget "NewMemoryGame" */;
			buildPhases = (
				A1631AF12270773900A4F0AF /* Sources */,
				A1631AF22270773900A4F0AF /* Frameworks */,
				A1631AF32270773900A4F0AF /* Resources */,
			);
			buildRules = (
			);
			dependencies = (
			);
			name = NewMemoryGame;
			productName = NewMemoryGame;
			productReference = A1631AF52270773900A4F0AF /* NewMemoryGame.app */;
			productType = "com.apple.product-type.application";
		};
/* End PBXNativeTarget section */

/* Begin PBXProject section */
		A1631AED2270773900A4F0AF /* Project object */ = {
			isa = PBXProject;
			attributes = {
				LastSwiftUpdateCheck = 0940;
				LastUpgradeCheck = 0940;
				ORGANIZATIONNAME = CodewellAcademy;
				TargetAttributes = {
					A1631AF42270773900A4F0AF = {
						CreatedOnToolsVersion = 9.4.1;
					};
				};
			};
			buildConfigurationList = A1631AF02270773900A4F0AF /* Build configuration list for PBXProject "NewMemoryGame" */;
			compatibilityVersion = "Xcode 9.3";
			developmentRegion = en;
			hasScannedForEncodings = 0;
			knownRegions = (
				en,
				Base,
			);
			mainGroup = A1631AEC2270773900A4F0AF;
			productRefGroup = A1631AF62270773900A4F0AF /* Products */;
			projectDirPath = "";
			projectRoot = "";
			targets = (
				A1631AF42270773900A4F0AF /* NewMemoryGame */,
			);
		};
/* End PBXProject section */

/* Begin PBXResourcesBuildPhase section */
		A1631AF32270773900A4F0AF /* Resources */ = {
			isa = PBXResourcesBuildPhase;
			buildActionMask = 2147483647;
			files = (
				A1631B032270773B00A4F0AF /* LaunchScreen.storyboard in Resources */,
				A1631B0B2270775500A4F0AF /* Assets.xcassets in Resources */,
				A1631AFE2270773900A4F0AF /* Main.storyboard in Resources */,
			);
			runOnlyForDeploymentPostprocessing = 0;
		};
/* End PBXResourcesBuildPhase section */

/* Begin PBXSourcesBuildPhase section */
		A1631AF12270773900A4F0AF /* Sources */ = {
			isa = PBXSourcesBuildPhase;
			buildActionMask = 2147483647;
			files = (
				A1631B0F2270776800A4F0AF /* CardCollectionViewCell.swift in Sources */,
				A1631B152270777B00A4F0AF /* GradientColor.swift in Sources */,
				A1631B132270777600A4F0AF /* EasyViewController.swift in Sources */,
				A1631B0D2270776300A4F0AF /* Card.swift in Sources */,
				A1631B172270779F00A4F0AF /* ViewController.swift in Sources */,
				A1631AF92270773900A4F0AF /* AppDelegate.swift in Sources */,
				A1631B1922707A2800A4F0AF /* EasyMediumHardViewController.swift in Sources */,
				A1631B112270777100A4F0AF /* CardModel.swift in Sources */,
				A1194E922292BE3200175840 /* HighScoreViewController.swift in Sources */,
			);
			runOnlyForDeploymentPostprocessing = 0;
		};
/* End PBXSourcesBuildPhase section */

/* Begin PBXVariantGroup section */
		A1631AFC2270773900A4F0AF /* Main.storyboard */ = {
			isa = PBXVariantGroup;
			children = (
				A1631AFD2270773900A4F0AF /* Base */,
			);
			name = Main.storyboard;
			sourceTree = "<group>";
		};
		A1631B012270773B00A4F0AF /* LaunchScreen.storyboard */ = {
			isa = PBXVariantGroup;
			children = (
				A1631B022270773B00A4F0AF /* Base */,
			);
			name = LaunchScreen.storyboard;
			sourceTree = "<group>";
		};
/* End PBXVariantGroup section */

/* Begin XCBuildConfiguration section */
		A1631B052270773B00A4F0AF /* Debug */ = {
			isa = XCBuildConfiguration;
			buildSettings = {
				ALWAYS_SEARCH_USER_PATHS = NO;
				CLANG_ANALYZER_NONNULL = YES;
				CLANG_ANALYZER_NUMBER_OBJECT_CONVERSION = YES_AGGRESSIVE;
				CLANG_CXX_LANGUAGE_STANDARD = "gnu++14";
				CLANG_CXX_LIBRARY = "libc++";
				CLANG_ENABLE_MODULES = YES;
				CLANG_ENABLE_OBJC_ARC = YES;
				CLANG_ENABLE_OBJC_WEAK = YES;
				CLANG_WARN_BLOCK_CAPTURE_AUTORELEASING = YES;
				CLANG_WARN_BOOL_CONVERSION = YES;
				CLANG_WARN_COMMA = YES;
				CLANG_WARN_CONSTANT_CONVERSION = YES;
				CLANG_WARN_DEPRECATED_OBJC_IMPLEMENTATIONS = YES;
				CLANG_WARN_DIRECT_OBJC_ISA_USAGE = YES_ERROR;
				CLANG_WARN_DOCUMENTATION_COMMENTS = YES;
				CLANG_WARN_EMPTY_BODY = YES;
				CLANG_WARN_ENUM_CONVERSION = YES;
				CLANG_WARN_INFINITE_RECURSION = YES;
				CLANG_WARN_INT_CONVERSION = YES;
				CLANG_WARN_NON_LITERAL_NULL_CONVERSION = YES;
				CLANG_WARN_OBJC_IMPLICIT_RETAIN_SELF = YES;
				CLANG_WARN_OBJC_LITERAL_CONVERSION = YES;
				CLANG_WARN_OBJC_ROOT_CLASS = YES_ERROR;
				CLANG_WARN_RANGE_LOOP_ANALYSIS = YES;
				CLANG_WARN_STRICT_PROTOTYPES = YES;
				CLANG_WARN_SUSPICIOUS_MOVE = YES;
				CLANG_WARN_UNGUARDED_AVAILABILITY = YES_AGGRESSIVE;
				CLANG_WARN_UNREACHABLE_CODE = YES;
				CLANG_WARN__DUPLICATE_METHOD_MATCH = YES;
				CODE_SIGN_IDENTITY = "iPhone Developer";
				COPY_PHASE_STRIP = NO;
				DEBUG_INFORMATION_FORMAT = dwarf;
				ENABLE_STRICT_OBJC_MSGSEND = YES;
				ENABLE_TESTABILITY = YES;
				GCC_C_LANGUAGE_STANDARD = gnu11;
				GCC_DYNAMIC_NO_PIC = NO;
				GCC_NO_COMMON_BLOCKS = YES;
				GCC_OPTIMIZATION_LEVEL = 0;
				GCC_PREPROCESSOR_DEFINITIONS = (
					"DEBUG=1",
					"$(inherited)",
				);
				GCC_WARN_64_TO_32_BIT_CONVERSION = YES;
				GCC_WARN_ABOUT_RETURN_TYPE = YES_ERROR;
				GCC_WARN_UNDECLARED_SELECTOR = YES;
				GCC_WARN_UNINITIALIZED_AUTOS = YES_AGGRESSIVE;
				GCC_WARN_UNUSED_FUNCTION = YES;
				GCC_WARN_UNUSED_VARIABLE = YES;
				IPHONEOS_DEPLOYMENT_TARGET = 11.4;
				MTL_ENABLE_DEBUG_INFO = YES;
				ONLY_ACTIVE_ARCH = YES;
				SDKROOT = iphoneos;
				SWIFT_ACTIVE_COMPILATION_CONDITIONS = DEBUG;
				SWIFT_OPTIMIZATION_LEVEL = "-Onone";
			};
			name = Debug;
		};
		A1631B062270773B00A4F0AF /* Release */ = {
			isa = XCBuildConfiguration;
			buildSettings = {
				ALWAYS_SEARCH_USER_PATHS = NO;
				CLANG_ANALYZER_NONNULL = YES;
				CLANG_ANALYZER_NUMBER_OBJECT_CONVERSION = YES_AGGRESSIVE;
				CLANG_CXX_LANGUAGE_STANDARD = "gnu++14";
				CLANG_CXX_LIBRARY = "libc++";
				CLANG_ENABLE_MODULES = YES;
				CLANG_ENABLE_OBJC_ARC = YES;
				CLANG_ENABLE_OBJC_WEAK = YES;
				CLANG_WARN_BLOCK_CAPTURE_AUTORELEASING = YES;
				CLANG_WARN_BOOL_CONVERSION = YES;
				CLANG_WARN_COMMA = YES;
				CLANG_WARN_CONSTANT_CONVERSION = YES;
				CLANG_WARN_DEPRECATED_OBJC_IMPLEMENTATIONS = YES;
				CLANG_WARN_DIRECT_OBJC_ISA_USAGE = YES_ERROR;
				CLANG_WARN_DOCUMENTATION_COMMENTS = YES;
				CLANG_WARN_EMPTY_BODY = YES;
				CLANG_WARN_ENUM_CONVERSION = YES;
				CLANG_WARN_INFINITE_RECURSION = YES;
				CLANG_WARN_INT_CONVERSION = YES;
				CLANG_WARN_NON_LITERAL_NULL_CONVERSION = YES;
				CLANG_WARN_OBJC_IMPLICIT_RETAIN_SELF = YES;
				CLANG_WARN_OBJC_LITERAL_CONVERSION = YES;
				CLANG_WARN_OBJC_ROOT_CLASS = YES_ERROR;
				CLANG_WARN_RANGE_LOOP_ANALYSIS = YES;
				CLANG_WARN_STRICT_PROTOTYPES = YES;
				CLANG_WARN_SUSPICIOUS_MOVE = YES;
				CLANG_WARN_UNGUARDED_AVAILABILITY = YES_AGGRESSIVE;
				CLANG_WARN_UNREACHABLE_CODE = YES;
				CLANG_WARN__DUPLICATE_METHOD_MATCH = YES;
				CODE_SIGN_IDENTITY = "iPhone Developer";
				COPY_PHASE_STRIP = NO;
				DEBUG_INFORMATION_FORMAT = "dwarf-with-dsym";
				ENABLE_NS_ASSERTIONS = NO;
				ENABLE_STRICT_OBJC_MSGSEND = YES;
				GCC_C_LANGUAGE_STANDARD = gnu11;
				GCC_NO_COMMON_BLOCKS = YES;
				GCC_WARN_64_TO_32_BIT_CONVERSION = YES;
				GCC_WARN_ABOUT_RETURN_TYPE = YES_ERROR;
				GCC_WARN_UNDECLARED_SELECTOR = YES;
				GCC_WARN_UNINITIALIZED_AUTOS = YES_AGGRESSIVE;
				GCC_WARN_UNUSED_FUNCTION = YES;
				GCC_WARN_UNUSED_VARIABLE = YES;
				IPHONEOS_DEPLOYMENT_TARGET = 11.4;
				MTL_ENABLE_DEBUG_INFO = NO;
				SDKROOT = iphoneos;
				SWIFT_COMPILATION_MODE = wholemodule;
				SWIFT_OPTIMIZATION_LEVEL = "-O";
				VALIDATE_PRODUCT = YES;
			};
			name = Release;
		};
		A1631B082270773B00A4F0AF /* Debug */ = {
			isa = XCBuildConfiguration;
			buildSettings = {
				ASSETCATALOG_COMPILER_APPICON_NAME = AppIcon;
				CODE_SIGN_STYLE = Automatic;
				INFOPLIST_FILE = NewMemoryGame/Info.plist;
				LD_RUNPATH_SEARCH_PATHS = (
					"$(inherited)",
					"@executable_path/Frameworks",
				);
				PRODUCT_BUNDLE_IDENTIFIER = newProject.NewMemoryGame;
				PRODUCT_NAME = "$(TARGET_NAME)";
				SWIFT_VERSION = 4.0;
				TARGETED_DEVICE_FAMILY = "1,2";
			};
			name = Debug;
		};
		A1631B092270773B00A4F0AF /* Release */ = {
			isa = XCBuildConfiguration;
			buildSettings = {
				ASSETCATALOG_COMPILER_APPICON_NAME = AppIcon;
				CODE_SIGN_STYLE = Automatic;
				INFOPLIST_FILE = NewMemoryGame/Info.plist;
				LD_RUNPATH_SEARCH_PATHS = (
					"$(inherited)",
					"@executable_path/Frameworks",
				);
				PRODUCT_BUNDLE_IDENTIFIER = newProject.NewMemoryGame;
				PRODUCT_NAME = "$(TARGET_NAME)";
				SWIFT_VERSION = 4.0;
				TARGETED_DEVICE_FAMILY = "1,2";
			};
			name = Release;
		};
/* End XCBuildConfiguration section */

/* Begin XCConfigurationList section */
		A1631AF02270773900A4F0AF /* Build configuration list for PBXProject "NewMemoryGame" */ = {
			isa = XCConfigurationList;
			buildConfigurations = (
				A1631B052270773B00A4F0AF /* Debug */,
				A1631B062270773B00A4F0AF /* Release */,
			);
			defaultConfigurationIsVisible = 0;
			defaultConfigurationName = Release;
		};
		A1631B072270773B00A4F0AF /* Build configuration list for PBXNativeTarget "NewMemoryGame" */ = {
			isa = XCConfigurationList;
			buildConfigurations = (
				A1631B082270773B00A4F0AF /* Debug */,
				A1631B092270773B00A4F0AF /* Release */,
			);
			defaultConfigurationIsVisible = 0;
			defaultConfigurationName = Release;
		};
/* End XCConfigurationList section */
	};
	rootObject = A1631AED2270773900A4F0AF /* Project object */;
}
